{
  "version": 4,
  "terraform_version": "1.2.6",
  "serial": 19,
  "lineage": "c3612e3e-f2bf-03aa-b770-9dd6ee7713c4",
  "outputs": {},
  "resources": [
    {
      "mode": "managed",
      "type": "azurerm_eventhub",
      "name": "example",
      "provider": "provider[\"registry.terraform.io/hashicorp/azurerm\"]",
      "instances": [
        {
          "schema_version": 0,
          "attributes": {
            "capture_description": [],
            "id": "/subscriptions/9ffaa934-9f12-4587-a8ba-c85976a01a99/resourceGroups/example-resources/providers/Microsoft.EventHub/namespaces/acceptanceTestEventHubNamespaceGgfhgfgffdrtdrds/eventhubs/acceptanceTestEventHub",
            "message_retention": 1,
            "name": "acceptanceTestEventHub",
            "namespace_name": "acceptanceTestEventHubNamespaceGgfhgfgffdrtdrds",
            "partition_count": 2,
            "partition_ids": [
              "0",
              "1"
            ],
            "resource_group_name": "example-resources",
            "status": "Active",
            "timeouts": null
          },
          "sensitive_attributes": [],
          "private": "eyJlMmJmYjczMC1lY2FhLTExZTYtOGY4OC0zNDM2M2JjN2M0YzAiOnsiY3JlYXRlIjoxODAwMDAwMDAwMDAwLCJkZWxldGUiOjE4MDAwMDAwMDAwMDAsInJlYWQiOjMwMDAwMDAwMDAwMCwidXBkYXRlIjoxODAwMDAwMDAwMDAwfX0=",
          "dependencies": [
            "azurerm_eventhub_namespace.example",
            "azurerm_resource_group.example"
          ]
        }
      ]
    },
    {
      "mode": "managed",
      "type": "azurerm_eventhub_consumer_group",
      "name": "example",
      "provider": "provider[\"registry.terraform.io/hashicorp/azurerm\"]",
      "instances": [
        {
          "schema_version": 1,
          "attributes": {
            "eventhub_name": "acceptanceTestEventHub",
            "id": "/subscriptions/9ffaa934-9f12-4587-a8ba-c85976a01a99/resourceGroups/example-resources/providers/Microsoft.EventHub/namespaces/acceptanceTestEventHubNamespaceGgfhgfgffdrtdrds/eventhubs/acceptanceTestEventHub/consumerGroups/acceptanceTestEventHubConsumerGroup",
            "name": "acceptanceTestEventHubConsumerGroup",
            "namespace_name": "acceptanceTestEventHubNamespaceGgfhgfgffdrtdrds",
            "resource_group_name": "example-resources",
            "timeouts": null,
            "user_metadata": "some-meta-data"
          },
          "sensitive_attributes": [],
          "private": "eyJlMmJmYjczMC1lY2FhLTExZTYtOGY4OC0zNDM2M2JjN2M0YzAiOnsiY3JlYXRlIjoxODAwMDAwMDAwMDAwLCJkZWxldGUiOjE4MDAwMDAwMDAwMDAsInJlYWQiOjMwMDAwMDAwMDAwMCwidXBkYXRlIjoxODAwMDAwMDAwMDAwfSwic2NoZW1hX3ZlcnNpb24iOiIxIn0=",
          "dependencies": [
            "azurerm_eventhub.example",
            "azurerm_eventhub_namespace.example",
            "azurerm_resource_group.example"
          ]
        }
      ]
    },
    {
      "mode": "managed",
      "type": "azurerm_eventhub_namespace",
      "name": "example",
      "provider": "provider[\"registry.terraform.io/hashicorp/azurerm\"]",
      "instances": [
        {
          "schema_version": 0,
          "attributes": {
            "auto_inflate_enabled": false,
            "capacity": 2,
            "dedicated_cluster_id": "",
            "default_primary_connection_string": "Endpoint=sb://acceptancetesteventhubnamespaceggfhgfgffdrtdrds.servicebus.windows.net/;SharedAccessKeyName=RootManageSharedAccessKey;SharedAccessKey=2zGQvEZ84bIGbexi4xIDfFvlVlIfcjH1QpT8ul1W2rc=",
            "default_primary_connection_string_alias": "",
            "default_primary_key": "2zGQvEZ84bIGbexi4xIDfFvlVlIfcjH1QpT8ul1W2rc=",
            "default_secondary_connection_string": "Endpoint=sb://acceptancetesteventhubnamespaceggfhgfgffdrtdrds.servicebus.windows.net/;SharedAccessKeyName=RootManageSharedAccessKey;SharedAccessKey=FO7wX7NadOjYkpiF2DbKp/mBWx47uZq+euNq0JyCpxQ=",
            "default_secondary_connection_string_alias": "",
            "default_secondary_key": "FO7wX7NadOjYkpiF2DbKp/mBWx47uZq+euNq0JyCpxQ=",
            "id": "/subscriptions/9ffaa934-9f12-4587-a8ba-c85976a01a99/resourceGroups/example-resources/providers/Microsoft.EventHub/namespaces/acceptanceTestEventHubNamespaceGgfhgfgffdrtdrds",
            "identity": [],
            "location": "westeurope",
            "maximum_throughput_units": 0,
            "name": "acceptanceTestEventHubNamespaceGgfhgfgffdrtdrds",
            "network_rulesets": [
              {
                "default_action": "Deny",
                "ip_rule": [],
                "trusted_service_access_enabled": false,
                "virtual_network_rule": []
              }
            ],
            "resource_group_name": "example-resources",
            "sku": "Standard",
            "tags": {
              "environment": "Production"
            },
            "timeouts": null,
            "zone_redundant": false
          },
          "sensitive_attributes": [],
          "private": "eyJlMmJmYjczMC1lY2FhLTExZTYtOGY4OC0zNDM2M2JjN2M0YzAiOnsiY3JlYXRlIjoxODAwMDAwMDAwMDAwLCJkZWxldGUiOjE4MDAwMDAwMDAwMDAsInJlYWQiOjMwMDAwMDAwMDAwMCwidXBkYXRlIjoxODAwMDAwMDAwMDAwfX0=",
          "dependencies": [
            "azurerm_resource_group.example"
          ]
        }
      ]
    },
    {
      "mode": "managed",
      "type": "azurerm_resource_group",
      "name": "example",
      "provider": "provider[\"registry.terraform.io/hashicorp/azurerm\"]",
      "instances": [
        {
          "schema_version": 0,
          "attributes": {
            "id": "/subscriptions/9ffaa934-9f12-4587-a8ba-c85976a01a99/resourceGroups/example-resources",
            "location": "westeurope",
            "name": "example-resources",
            "tags": {},
            "timeouts": null
          },
          "sensitive_attributes": [],
          "private": "eyJlMmJmYjczMC1lY2FhLTExZTYtOGY4OC0zNDM2M2JjN2M0YzAiOnsiY3JlYXRlIjo1NDAwMDAwMDAwMDAwLCJkZWxldGUiOjU0MDAwMDAwMDAwMDAsInJlYWQiOjMwMDAwMDAwMDAwMCwidXBkYXRlIjo1NDAwMDAwMDAwMDAwfX0="
        }
      ]
    }
  ]
}
